
Microsoft Visual Studio Solution File, Format Version 11.00
# Visual Studio 2010
Project("{FAE04EC0-301F-11D3-BF4B-00C04F79EFBC}") = "Geekbeing.Blog.RavenDb.Tutorial.Querying", "Geekbeing.Blog.RavenDb.Tutorial.Querying\Geekbeing.Blog.RavenDb.Tutorial.Querying.csproj", "{488A6826-82BD-48B3-8832-A743641B4B63}"
EndProject
Project("{FAE04EC0-301F-11D3-BF4B-00C04F79EFBC}") = "Geekbeing.Blog.RavenDb.Tutorial.Initializer", "Geekbeing.Blog.RavenDb.Tutorial.Initializer\Geekbeing.Blog.RavenDb.Tutorial.Initializer.csproj", "{8832963E-5E66-4F39-8894-229ADD1B1550}"
EndProject
Project("{FAE04EC0-301F-11D3-BF4B-00C04F79EFBC}") = "Geekbeing.Blog.RavenDb.Tutorial.Web", "Geekbeing.Blog.RavenDb.Tutorial.Web\Geekbeing.Blog.RavenDb.Tutorial.Web.csproj", "{3596B4D3-C2F6-48D2-AC23-9505DAFB79F3}"
EndProject
Project("{FAE04EC0-301F-11D3-BF4B-00C04F79EFBC}") = "Geekbeing.Blog.RavenDb.Tutorial.Lib", "Geekbeing.Blog.RavenDb.Tutorial.Lib\Geekbeing.Blog.RavenDb.Tutorial.Lib.csproj", "{BEE67F53-5E08-44FB-9909-183CF21ECBD7}"
EndProject
Global
	GlobalSection(SolutionConfigurationPlatforms) = preSolution
		Debug|Any CPU = Debug|Any CPU
		Debug|Mixed Platforms = Debug|Mixed Platforms
		Debug|x86 = Debug|x86
		Release|Any CPU = Release|Any CPU
		Release|Mixed Platforms = Release|Mixed Platforms
		Release|x86 = Release|x86
	EndGlobalSection
	GlobalSection(ProjectConfigurationPlatforms) = postSolution
		{488A6826-82BD-48B3-8832-A743641B4B63}.Debug|Any CPU.ActiveCfg = Debug|x86
		{488A6826-82BD-48B3-8832-A743641B4B63}.Debug|Mixed Platforms.ActiveCfg = Debug|x86
		{488A6826-82BD-48B3-8832-A743641B4B63}.Debug|Mixed Platforms.Build.0 = Debug|x86
		{488A6826-82BD-48B3-8832-A743641B4B63}.Debug|x86.ActiveCfg = Debug|x86
		{488A6826-82BD-48B3-8832-A743641B4B63}.Debug|x86.Build.0 = Debug|x86
		{488A6826-82BD-48B3-8832-A743641B4B63}.Release|Any CPU.ActiveCfg = Release|x86
		{488A6826-82BD-48B3-8832-A743641B4B63}.Release|Mixed Platforms.ActiveCfg = Release|x86
		{488A6826-82BD-48B3-8832-A743641B4B63}.Release|Mixed Platforms.Build.0 = Release|x86
		{488A6826-82BD-48B3-8832-A743641B4B63}.Release|x86.ActiveCfg = Release|x86
		{488A6826-82BD-48B3-8832-A743641B4B63}.Release|x86.Build.0 = Release|x86
		{8832963E-5E66-4F39-8894-229ADD1B1550}.Debug|Any CPU.ActiveCfg = Debug|x86
		{8832963E-5E66-4F39-8894-229ADD1B1550}.Debug|Mixed Platforms.ActiveCfg = Debug|x86
		{8832963E-5E66-4F39-8894-229ADD1B1550}.Debug|Mixed Platforms.Build.0 = Debug|x86
		{8832963E-5E66-4F39-8894-229ADD1B1550}.Debug|x86.ActiveCfg = Debug|x86
		{8832963E-5E66-4F39-8894-229ADD1B1550}.Debug|x86.Build.0 = Debug|x86
		{8832963E-5E66-4F39-8894-229ADD1B1550}.Release|Any CPU.ActiveCfg = Release|x86
		{8832963E-5E66-4F39-8894-229ADD1B1550}.Release|Mixed Platforms.ActiveCfg = Release|x86
		{8832963E-5E66-4F39-8894-229ADD1B1550}.Release|Mixed Platforms.Build.0 = Release|x86
		{8832963E-5E66-4F39-8894-229ADD1B1550}.Release|x86.ActiveCfg = Release|x86
		{8832963E-5E66-4F39-8894-229ADD1B1550}.Release|x86.Build.0 = Release|x86
		{3596B4D3-C2F6-48D2-AC23-9505DAFB79F3}.Debug|Any CPU.ActiveCfg = Debug|Any CPU
		{3596B4D3-C2F6-48D2-AC23-9505DAFB79F3}.Debug|Any CPU.Build.0 = Debug|Any CPU
		{3596B4D3-C2F6-48D2-AC23-9505DAFB79F3}.Debug|Mixed Platforms.ActiveCfg = Debug|Any CPU
		{3596B4D3-C2F6-48D2-AC23-9505DAFB79F3}.Debug|Mixed Platforms.Build.0 = Debug|Any CPU
		{3596B4D3-C2F6-48D2-AC23-9505DAFB79F3}.Debug|x86.ActiveCfg = Debug|Any CPU
		{3596B4D3-C2F6-48D2-AC23-9505DAFB79F3}.Release|Any CPU.ActiveCfg = Release|Any CPU
		{3596B4D3-C2F6-48D2-AC23-9505DAFB79F3}.Release|Any CPU.Build.0 = Release|Any CPU
		{3596B4D3-C2F6-48D2-AC23-9505DAFB79F3}.Release|Mixed Platforms.ActiveCfg = Release|Any CPU
		{3596B4D3-C2F6-48D2-AC23-9505DAFB79F3}.Release|Mixed Platforms.Build.0 = Release|Any CPU
		{3596B4D3-C2F6-48D2-AC23-9505DAFB79F3}.Release|x86.ActiveCfg = Release|Any CPU
		{BEE67F53-5E08-44FB-9909-183CF21ECBD7}.Debug|Any CPU.ActiveCfg = Debug|Any CPU
		{BEE67F53-5E08-44FB-9909-183CF21ECBD7}.Debug|Any CPU.Build.0 = Debug|Any CPU
		{BEE67F53-5E08-44FB-9909-183CF21ECBD7}.Debug|Mixed Platforms.ActiveCfg = Debug|Any CPU
		{BEE67F53-5E08-44FB-9909-183CF21ECBD7}.Debug|Mixed Platforms.Build.0 = Debug|Any CPU
		{BEE67F53-5E08-44FB-9909-183CF21ECBD7}.Debug|x86.ActiveCfg = Debug|Any CPU
		{BEE67F53-5E08-44FB-9909-183CF21ECBD7}.Release|Any CPU.ActiveCfg = Release|Any CPU
		{BEE67F53-5E08-44FB-9909-183CF21ECBD7}.Release|Any CPU.Build.0 = Release|Any CPU
		{BEE67F53-5E08-44FB-9909-183CF21ECBD7}.Release|Mixed Platforms.ActiveCfg = Release|Any CPU
		{BEE67F53-5E08-44FB-9909-183CF21ECBD7}.Release|Mixed Platforms.Build.0 = Release|Any CPU
		{BEE67F53-5E08-44FB-9909-183CF21ECBD7}.Release|x86.ActiveCfg = Release|Any CPU
	EndGlobalSection
	GlobalSection(SolutionProperties) = preSolution
		HideSolutionNode = FALSE
	EndGlobalSection
EndGlobal
